
Microsoft Visual Studio Solution File, Format Version 12.00
# Visual Studio Version 17
VisualStudioVersion = 17.4.33110.190
MinimumVisualStudioVersion = 10.0.40219.1
Project("{9A19103F-16F7-4668-BE54-9A1E7A4F7556}") = "ScrumboardApi", "ScrumboardApi\ScrumboardApi.csproj", "{97BEDD39-F741-43CA-AC9C-3AC0BF7F880B}"
EndProject
Project("{2150E333-8FDC-42A3-9474-1A3956D46DE8}") = "Components", "Components", "{47597454-24DB-448C-945A-150986BCEEC2}"
EndProject
Project("{9A19103F-16F7-4668-BE54-9A1E7A4F7556}") = "DbComponent", "DbComponent\DbComponent.csproj", "{A5654A0C-0547-49F0-B5DE-4D53B57F5A84}"
EndProject
Project("{FAE04EC0-301F-11D3-BF4B-00C04F79EFBC}") = "BoardComponent", "BoardComponent\BoardComponent.csproj", "{0D47C358-B7DB-4377-97D3-9E28A53E15D9}"
EndProject
Global
	GlobalSection(SolutionConfigurationPlatforms) = preSolution
		Debug|Any CPU = Debug|Any CPU
		Release|Any CPU = Release|Any CPU
	EndGlobalSection
	GlobalSection(ProjectConfigurationPlatforms) = postSolution
		{97BEDD39-F741-43CA-AC9C-3AC0BF7F880B}.Debug|Any CPU.ActiveCfg = Debug|Any CPU
		{97BEDD39-F741-43CA-AC9C-3AC0BF7F880B}.Debug|Any CPU.Build.0 = Debug|Any CPU
		{97BEDD39-F741-43CA-AC9C-3AC0BF7F880B}.Release|Any CPU.ActiveCfg = Release|Any CPU
		{97BEDD39-F741-43CA-AC9C-3AC0BF7F880B}.Release|Any CPU.Build.0 = Release|Any CPU
		{A5654A0C-0547-49F0-B5DE-4D53B57F5A84}.Debug|Any CPU.ActiveCfg = Debug|Any CPU
		{A5654A0C-0547-49F0-B5DE-4D53B57F5A84}.Debug|Any CPU.Build.0 = Debug|Any CPU
		{A5654A0C-0547-49F0-B5DE-4D53B57F5A84}.Release|Any CPU.ActiveCfg = Release|Any CPU
		{A5654A0C-0547-49F0-B5DE-4D53B57F5A84}.Release|Any CPU.Build.0 = Release|Any CPU
		{0D47C358-B7DB-4377-97D3-9E28A53E15D9}.Debug|Any CPU.ActiveCfg = Debug|Any CPU
		{0D47C358-B7DB-4377-97D3-9E28A53E15D9}.Debug|Any CPU.Build.0 = Debug|Any CPU
		{0D47C358-B7DB-4377-97D3-9E28A53E15D9}.Release|Any CPU.ActiveCfg = Release|Any CPU
		{0D47C358-B7DB-4377-97D3-9E28A53E15D9}.Release|Any CPU.Build.0 = Release|Any CPU
	EndGlobalSection
	GlobalSection(SolutionProperties) = preSolution
		HideSolutionNode = FALSE
	EndGlobalSection
	GlobalSection(NestedProjects) = preSolution
		{A5654A0C-0547-49F0-B5DE-4D53B57F5A84} = {47597454-24DB-448C-945A-150986BCEEC2}
		{0D47C358-B7DB-4377-97D3-9E28A53E15D9} = {47597454-24DB-448C-945A-150986BCEEC2}
	EndGlobalSection
	GlobalSection(ExtensibilityGlobals) = postSolution
		SolutionGuid = {B14C52AD-E2DE-4195-9237-AE5FE081B9A4}
	EndGlobalSection
EndGlobal
